PODS:
  - ClearentIdtechIOSFrameworkPod (4.0.36)

DEPENDENCIES:
  - ClearentIdtechIOSFrameworkPod (= 4.0.36)

SPEC REPOS:
  https://github.com/clearent/CocoaPods.git:
    - ClearentIdtechIOSFrameworkPod

SPEC CHECKSUMS:
  ClearentIdtechIOSFrameworkPod: 85974cd1cc9214d31ad9b07e90daa1278ee01a86

PODFILE CHECKSUM: d83420c02a71801d9106645e5478a14c27a93077

COCOAPODS: 1.11.3
