PODS:
  - ClearentIdtechIOSFrameworkPod (4.0.61)

DEPENDENCIES:
  - ClearentIdtechIOSFrameworkPod (= 4.0.61)

SPEC REPOS:
  https://github.com/clearent/CocoaPods.git:
    - ClearentIdtechIOSFrameworkPod

SPEC CHECKSUMS:
  ClearentIdtechIOSFrameworkPod: 849236f86f6661c38f15d405564fd45468d1736b

PODFILE CHECKSUM: 8abe351093bfc22e666944bdaefb51ff877d90d4

COCOAPODS: 1.11.3
